
Microsoft Visual Studio Solution File, Format Version 12.00
# Visual Studio Version 16
VisualStudioVersion = 16.0.31702.278
MinimumVisualStudioVersion = 10.0.40219.1
Project("{FAE04EC0-301F-11D3-BF4B-00C04F79EFBC}") = "AppWebUm", "AppWebUm\AppWebUm.csproj", "{B4362E97-D2DB-412F-8935-B4022C6BF352}"
EndProject
Global
	GlobalSection(SolutionConfigurationPlatforms) = preSolution
		Debug|Any CPU = Debug|Any CPU
		Release|Any CPU = Release|Any CPU
	EndGlobalSection
	GlobalSection(ProjectConfigurationPlatforms) = postSolution
		{B4362E97-D2DB-412F-8935-B4022C6BF352}.Debug|Any CPU.ActiveCfg = Debug|Any CPU
		{B4362E97-D2DB-412F-8935-B4022C6BF352}.Debug|Any CPU.Build.0 = Debug|Any CPU
		{B4362E97-D2DB-412F-8935-B4022C6BF352}.Release|Any CPU.ActiveCfg = Release|Any CPU
		{B4362E97-D2DB-412F-8935-B4022C6BF352}.Release|Any CPU.Build.0 = Release|Any CPU
	EndGlobalSection
	GlobalSection(SolutionProperties) = preSolution
		HideSolutionNode = FALSE
	EndGlobalSection
	GlobalSection(ExtensibilityGlobals) = postSolution
		SolutionGuid = {69397B8B-8800-4E6D-AF0E-3197BCF0ADE4}
	EndGlobalSection
EndGlobal
